
Microsoft Visual Studio Solution File, Format Version 12.00
# Visual Studio Version 16
VisualStudioVersion = 16.0.31025.194
MinimumVisualStudioVersion = 10.0.40219.1
Project("{FAE04EC0-301F-11D3-BF4B-00C04F79EFBC}") = "TaoButtonTuDong", "TaoButtonTuDong.csproj", "{23C43229-FDEC-4616-9FF5-B6E1B67C37A7}"
EndProject
Global
	GlobalSection(SolutionConfigurationPlatforms) = preSolution
		Debug|Any CPU = Debug|Any CPU
		Release|Any CPU = Release|Any CPU
	EndGlobalSection
	GlobalSection(ProjectConfigurationPlatforms) = postSolution
		{23C43229-FDEC-4616-9FF5-B6E1B67C37A7}.Debug|Any CPU.ActiveCfg = Debug|Any CPU
		{23C43229-FDEC-4616-9FF5-B6E1B67C37A7}.Debug|Any CPU.Build.0 = Debug|Any CPU
		{23C43229-FDEC-4616-9FF5-B6E1B67C37A7}.Release|Any CPU.ActiveCfg = Release|Any CPU
		{23C43229-FDEC-4616-9FF5-B6E1B67C37A7}.Release|Any CPU.Build.0 = Release|Any CPU
	EndGlobalSection
	GlobalSection(SolutionProperties) = preSolution
		HideSolutionNode = FALSE
	EndGlobalSection
	GlobalSection(ExtensibilityGlobals) = postSolution
		SolutionGuid = {57A9C254-CF9B-4CD5-91CB-5B03FBBA6ED7}
	EndGlobalSection
EndGlobal
