
Microsoft Visual Studio Solution File, Format Version 12.00
# Visual Studio Version 16
VisualStudioVersion = 16.0.30523.141
MinimumVisualStudioVersion = 10.0.40219.1
Project("{FAE04EC0-301F-11D3-BF4B-00C04F79EFBC}") = "SaveImageDataBase", "SaveImageDataBase\SaveImageDataBase.csproj", "{0C80BEAC-1F74-4900-BB7B-2369EB24967A}"
EndProject
Global
	GlobalSection(SolutionConfigurationPlatforms) = preSolution
		Debug|Any CPU = Debug|Any CPU
		Release|Any CPU = Release|Any CPU
	EndGlobalSection
	GlobalSection(ProjectConfigurationPlatforms) = postSolution
		{0C80BEAC-1F74-4900-BB7B-2369EB24967A}.Debug|Any CPU.ActiveCfg = Debug|Any CPU
		{0C80BEAC-1F74-4900-BB7B-2369EB24967A}.Debug|Any CPU.Build.0 = Debug|Any CPU
		{0C80BEAC-1F74-4900-BB7B-2369EB24967A}.Release|Any CPU.ActiveCfg = Release|Any CPU
		{0C80BEAC-1F74-4900-BB7B-2369EB24967A}.Release|Any CPU.Build.0 = Release|Any CPU
	EndGlobalSection
	GlobalSection(SolutionProperties) = preSolution
		HideSolutionNode = FALSE
	EndGlobalSection
	GlobalSection(ExtensibilityGlobals) = postSolution
		SolutionGuid = {7D917568-16B4-42AE-A702-E457BF741431}
	EndGlobalSection
EndGlobal
