
Microsoft Visual Studio Solution File, Format Version 12.00
# Visual Studio Version 16
VisualStudioVersion = 16.0.31025.194
MinimumVisualStudioVersion = 10.0.40219.1
Project("{FAE04EC0-301F-11D3-BF4B-00C04F79EFBC}") = "QLTSTBKhachSan", "QLTSTBKhachSan\QLTSTBKhachSan.csproj", "{38A39052-E373-472C-B904-8802E4405489}"
EndProject
Global
	GlobalSection(SolutionConfigurationPlatforms) = preSolution
		Debug|Any CPU = Debug|Any CPU
		Release|Any CPU = Release|Any CPU
	EndGlobalSection
	GlobalSection(ProjectConfigurationPlatforms) = postSolution
		{38A39052-E373-472C-B904-8802E4405489}.Debug|Any CPU.ActiveCfg = Debug|Any CPU
		{38A39052-E373-472C-B904-8802E4405489}.Debug|Any CPU.Build.0 = Debug|Any CPU
		{38A39052-E373-472C-B904-8802E4405489}.Release|Any CPU.ActiveCfg = Release|Any CPU
		{38A39052-E373-472C-B904-8802E4405489}.Release|Any CPU.Build.0 = Release|Any CPU
	EndGlobalSection
	GlobalSection(SolutionProperties) = preSolution
		HideSolutionNode = FALSE
	EndGlobalSection
	GlobalSection(ExtensibilityGlobals) = postSolution
		SolutionGuid = {C15D5B7D-2363-45B6-ACAE-3696761C8AC2}
	EndGlobalSection
EndGlobal
