
Microsoft Visual Studio Solution File, Format Version 12.00
# Visual Studio Version 16
VisualStudioVersion = 16.0.30621.155
MinimumVisualStudioVersion = 10.0.40219.1
Project("{FAE04EC0-301F-11D3-BF4B-00C04F79EFBC}") = "QLKhachSan", "QLKhachSan\QLKhachSan.csproj", "{3BBC535C-ECA7-408C-BD2E-AD58CE7E495A}"
EndProject
Global
	GlobalSection(SolutionConfigurationPlatforms) = preSolution
		Debug|Any CPU = Debug|Any CPU
		Release|Any CPU = Release|Any CPU
	EndGlobalSection
	GlobalSection(ProjectConfigurationPlatforms) = postSolution
		{3BBC535C-ECA7-408C-BD2E-AD58CE7E495A}.Debug|Any CPU.ActiveCfg = Debug|Any CPU
		{3BBC535C-ECA7-408C-BD2E-AD58CE7E495A}.Debug|Any CPU.Build.0 = Debug|Any CPU
		{3BBC535C-ECA7-408C-BD2E-AD58CE7E495A}.Release|Any CPU.ActiveCfg = Release|Any CPU
		{3BBC535C-ECA7-408C-BD2E-AD58CE7E495A}.Release|Any CPU.Build.0 = Release|Any CPU
	EndGlobalSection
	GlobalSection(SolutionProperties) = preSolution
		HideSolutionNode = FALSE
	EndGlobalSection
	GlobalSection(ExtensibilityGlobals) = postSolution
		SolutionGuid = {1CEE69A7-48D0-441C-A64C-80CE74D98968}
	EndGlobalSection
EndGlobal
